
Microsoft Visual Studio Solution File, Format Version 12.00
# Visual Studio Version 16
VisualStudioVersion = 16.0.30011.22
MinimumVisualStudioVersion = 10.0.40219.1
Project("{FAE04EC0-301F-11D3-BF4B-00C04F79EFBC}") = "ContactsWebAPI", "ContactsWebAPI\ContactsWebAPI.csproj", "{E77A10F0-5464-4ACF-80C6-A11CE52EC976}"
EndProject
Global
	GlobalSection(SolutionConfigurationPlatforms) = preSolution
		Debug|Any CPU = Debug|Any CPU
		Release|Any CPU = Release|Any CPU
	EndGlobalSection
	GlobalSection(ProjectConfigurationPlatforms) = postSolution
		{E77A10F0-5464-4ACF-80C6-A11CE52EC976}.Debug|Any CPU.ActiveCfg = Debug|Any CPU
		{E77A10F0-5464-4ACF-80C6-A11CE52EC976}.Debug|Any CPU.Build.0 = Debug|Any CPU
		{E77A10F0-5464-4ACF-80C6-A11CE52EC976}.Release|Any CPU.ActiveCfg = Release|Any CPU
		{E77A10F0-5464-4ACF-80C6-A11CE52EC976}.Release|Any CPU.Build.0 = Release|Any CPU
	EndGlobalSection
	GlobalSection(SolutionProperties) = preSolution
		HideSolutionNode = FALSE
	EndGlobalSection
	GlobalSection(ExtensibilityGlobals) = postSolution
		SolutionGuid = {18E16F73-C1DD-49A0-840D-E1F9668D3738}
	EndGlobalSection
EndGlobal
